
Microsoft Visual Studio Solution File, Format Version 12.00
# Visual Studio Version 17
VisualStudioVersion = 17.4.33205.214
MinimumVisualStudioVersion = 10.0.40219.1
Project("{FAE04EC0-301F-11D3-BF4B-00C04F79EFBC}") = "BlazorFullStackCrud.Server", "BlazorFullStackCrud\Server\BlazorFullStackCrud.Server.csproj", "{337A4C19-EDF0-4F98-9401-22A9094C5F81}"
EndProject
Project("{FAE04EC0-301F-11D3-BF4B-00C04F79EFBC}") = "BlazorFullStackCrud.Client", "BlazorFullStackCrud\Client\BlazorFullStackCrud.Client.csproj", "{8102232E-1407-488A-8987-94570408261D}"
EndProject
Project("{FAE04EC0-301F-11D3-BF4B-00C04F79EFBC}") = "BlazorFullStackCrud.Shared", "BlazorFullStackCrud\Shared\BlazorFullStackCrud.Shared.csproj", "{DDD57F38-BA96-4808-8EE2-F0467A5F42BC}"
EndProject
Global
	GlobalSection(SolutionConfigurationPlatforms) = preSolution
		Debug|Any CPU = Debug|Any CPU
		Release|Any CPU = Release|Any CPU
	EndGlobalSection
	GlobalSection(ProjectConfigurationPlatforms) = postSolution
		{337A4C19-EDF0-4F98-9401-22A9094C5F81}.Debug|Any CPU.ActiveCfg = Debug|Any CPU
		{337A4C19-EDF0-4F98-9401-22A9094C5F81}.Debug|Any CPU.Build.0 = Debug|Any CPU
		{337A4C19-EDF0-4F98-9401-22A9094C5F81}.Release|Any CPU.ActiveCfg = Release|Any CPU
		{337A4C19-EDF0-4F98-9401-22A9094C5F81}.Release|Any CPU.Build.0 = Release|Any CPU
		{8102232E-1407-488A-8987-94570408261D}.Debug|Any CPU.ActiveCfg = Debug|Any CPU
		{8102232E-1407-488A-8987-94570408261D}.Debug|Any CPU.Build.0 = Debug|Any CPU
		{8102232E-1407-488A-8987-94570408261D}.Release|Any CPU.ActiveCfg = Release|Any CPU
		{8102232E-1407-488A-8987-94570408261D}.Release|Any CPU.Build.0 = Release|Any CPU
		{DDD57F38-BA96-4808-8EE2-F0467A5F42BC}.Debug|Any CPU.ActiveCfg = Debug|Any CPU
		{DDD57F38-BA96-4808-8EE2-F0467A5F42BC}.Debug|Any CPU.Build.0 = Debug|Any CPU
		{DDD57F38-BA96-4808-8EE2-F0467A5F42BC}.Release|Any CPU.ActiveCfg = Release|Any CPU
		{DDD57F38-BA96-4808-8EE2-F0467A5F42BC}.Release|Any CPU.Build.0 = Release|Any CPU
	EndGlobalSection
	GlobalSection(SolutionProperties) = preSolution
		HideSolutionNode = FALSE
	EndGlobalSection
	GlobalSection(ExtensibilityGlobals) = postSolution
		SolutionGuid = {FCF59EA1-9B2C-4B57-8F08-F8DE2B4541D3}
	EndGlobalSection
EndGlobal
